// !$*UTF8*$!
{
	archiveVersion = 1;
	classes = {
	};
	objectVersion = 55;
	objects = {

/* Begin PBXBuildFile section */
		C3BF7F722883636000A7032E /* AppDelegate.swift in Sources */ = {isa = PBXBuildFile; fileRef = C3BF7F712883636000A7032E /* AppDelegate.swift */; };
		C3BF7F742883636000A7032E /* SceneDelegate.swift in Sources */ = {isa = PBXBuildFile; fileRef = C3BF7F732883636000A7032E /* SceneDelegate.swift */; };
		C3BF7F762883636000A7032E /* ViewController.swift in Sources */ = {isa = PBXBuildFile; fileRef = C3BF7F752883636000A7032E /* ViewController.swift */; };
		C3BF7F792883636000A7032E /* Main.storyboard in Resources */ = {isa = PBXBuildFile; fileRef = C3BF7F772883636000A7032E /* Main.storyboard */; };
		C3BF7F7B2883636100A7032E /* Assets.xcassets in Resources */ = {isa = PBXBuildFile; fileRef = C3BF7F7A2883636100A7032E /* Assets.xcassets */; };
		C3BF7F7E2883636100A7032E /* LaunchScreen.storyboard in Resources */ = {isa = PBXBuildFile; fileRef = C3BF7F7C2883636100A7032E /* LaunchScreen.storyboard */; };
		C3BF7FA628836D6800A7032E /* ChangeColorVC.swift in Sources */ = {isa = PBXBuildFile; fileRef = C3BF7FA528836D6800A7032E /* ChangeColorVC.swift */; };
/* End PBXBuildFile section */

/* Begin PBXContainerItemProxy section */
		C3BF7F852883636100A7032E /* PBXContainerItemProxy */ = {
			isa = PBXContainerItemProxy;
			containerPortal = C3BF7F662883636000A7032E /* Project object */;
			proxyType = 1;
			remoteGlobalIDString = C3BF7F6D2883636000A7032E;
			remoteInfo = HWUpdate;
		};
		C3BF7F8F2883636100A7032E /* PBXContainerItemProxy */ = {
			isa = PBXContainerItemProxy;
			containerPortal = C3BF7F662883636000A7032E /* Project object */;
			proxyType = 1;
			remoteGlobalIDString = C3BF7F6D2883636000A7032E;
			remoteInfo = HWUpdate;
		};
/* End PBXContainerItemProxy section */

/* Begin PBXFileReference section */
		C3BF7F6E2883636000A7032E /* HWUpdate.app */ = {isa = PBXFileReference; explicitFileType = wrapper.application; includeInIndex = 0; path = HWUpdate.app; sourceTree = BUILT_PRODUCTS_DIR; };
		C3BF7F712883636000A7032E /* AppDelegate.swift */ = {isa = PBXFileReference; lastKnownFileType = sourcecode.swift; path = AppDelegate.swift; sourceTree = "<group>"; };
		C3BF7F732883636000A7032E /* SceneDelegate.swift */ = {isa = PBXFileReference; lastKnownFileType = sourcecode.swift; path = SceneDelegate.swift; sourceTree = "<group>"; };
		C3BF7F752883636000A7032E /* ViewController.swift */ = {isa = PBXFileReference; lastKnownFileType = sourcecode.swift; path = ViewController.swift; sourceTree = "<group>"; };
		C3BF7F782883636000A7032E /* Base */ = {isa = PBXFileReference; lastKnownFileType = file.storyboard; name = Base; path = Base.lproj/Main.storyboard; sourceTree = "<group>"; };
		C3BF7F7A2883636100A7032E /* Assets.xcassets */ = {isa = PBXFileReference; lastKnownFileType = folder.assetcatalog; path = Assets.xcassets; sourceTree = "<group>"; };
		C3BF7F7D2883636100A7032E /* Base */ = {isa = PBXFileReference; lastKnownFileType = file.storyboard; name = Base; path = Base.lproj/LaunchScreen.storyboard; sourceTree = "<group>"; };
		C3BF7F7F2883636100A7032E /* Info.plist */ = {isa = PBXFileReference; lastKnownFileType = text.plist.xml; path = Info.plist; sourceTree = "<group>"; };
		C3BF7F842883636100A7032E /* HWUpdateTests.xctest */ = {isa = PBXFileReference; explicitFileType = wrapper.cfbundle; includeInIndex = 0; path = HWUpdateTests.xctest; sourceTree = BUILT_PRODUCTS_DIR; };
		C3BF7F8E2883636100A7032E /* HWUpdateUITests.xctest */ = {isa = PBXFileReference; explicitFileType = wrapper.cfbundle; includeInIndex = 0; path = HWUpdateUITests.xctest; sourceTree = BUILT_PRODUCTS_DIR; };
		C3BF7FA528836D6800A7032E /* ChangeColorVC.swift */ = {isa = PBXFileReference; lastKnownFileType = sourcecode.swift; path = ChangeColorVC.swift; sourceTree = "<group>"; };
/* End PBXFileReference section */

/* Begin PBXFrameworksBuildPhase section */
		C3BF7F6B2883636000A7032E /* Frameworks */ = {
			isa = PBXFrameworksBuildPhase;
			buildActionMask = 2147483647;
			files = (
			);
			runOnlyForDeploymentPostprocessing = 0;
		};
		C3BF7F812883636100A7032E /* Frameworks */ = {
			isa = PBXFrameworksBuildPhase;
			buildActionMask = 2147483647;
			files = (
			);
			runOnlyForDeploymentPostprocessing = 0;
		};
		C3BF7F8B2883636100A7032E /* Frameworks */ = {
			isa = PBXFrameworksBuildPhase;
			buildActionMask = 2147483647;
			files = (
			);
			runOnlyForDeploymentPostprocessing = 0;
		};
/* End PBXFrameworksBuildPhase section */

/* Begin PBXGroup section */
		C3BF7F652883636000A7032E = {
			isa = PBXGroup;
			children = (
				C3BF7F702883636000A7032E /* HWUpdate */,
				C3BF7F6F2883636000A7032E /* Products */,
			);
			sourceTree = "<group>";
		};
		C3BF7F6F2883636000A7032E /* Products */ = {
			isa = PBXGroup;
			children = (
				C3BF7F6E2883636000A7032E /* HWUpdate.app */,
				C3BF7F842883636100A7032E /* HWUpdateTests.xctest */,
				C3BF7F8E2883636100A7032E /* HWUpdateUITests.xctest */,
			);
			name = Products;
			sourceTree = "<group>";
		};
		C3BF7F702883636000A7032E /* HWUpdate */ = {
			isa = PBXGroup;
			children = (
				C3BF7FA328836AC600A7032E /* Support */,
				C3BF7FA428836B7400A7032E /* ViewControllers */,
				C3BF7FA12883652500A7032E /* Storyboards */,
				C3BF7FA22883656100A7032E /* Source */,
			);
			path = HWUpdate;
			sourceTree = "<group>";
		};
		C3BF7FA12883652500A7032E /* Storyboards */ = {
			isa = PBXGroup;
			children = (
				C3BF7F772883636000A7032E /* Main.storyboard */,
				C3BF7F7C2883636100A7032E /* LaunchScreen.storyboard */,
			);
			path = Storyboards;
			sourceTree = "<group>";
		};
		C3BF7FA22883656100A7032E /* Source */ = {
			isa = PBXGroup;
			children = (
				C3BF7F7A2883636100A7032E /* Assets.xcassets */,
			);
			path = Source;
			sourceTree = "<group>";
		};
		C3BF7FA328836AC600A7032E /* Support */ = {
			isa = PBXGroup;
			children = (
				C3BF7F712883636000A7032E /* AppDelegate.swift */,
				C3BF7F732883636000A7032E /* SceneDelegate.swift */,
				C3BF7F7F2883636100A7032E /* Info.plist */,
			);
			path = Support;
			sourceTree = "<group>";
		};
		C3BF7FA428836B7400A7032E /* ViewControllers */ = {
			isa = PBXGroup;
			children = (
				C3BF7F752883636000A7032E /* ViewController.swift */,
				C3BF7FA528836D6800A7032E /* ChangeColorVC.swift */,
			);
			path = ViewControllers;
			sourceTree = "<group>";
		};
/* End PBXGroup section */

/* Begin PBXNativeTarget section */
		C3BF7F6D2883636000A7032E /* HWUpdate */ = {
			isa = PBXNativeTarget;
			buildConfigurationList = C3BF7F982883636100A7032E /* Build configuration list for PBXNativeTarget "HWUpdate" */;
			buildPhases = (
				C3BF7F6A2883636000A7032E /* Sources */,
				C3BF7F6B2883636000A7032E /* Frameworks */,
				C3BF7F6C2883636000A7032E /* Resources */,
			);
			buildRules = (
			);
			dependencies = (
			);
			name = HWUpdate;
			productName = HWUpdate;
			productReference = C3BF7F6E2883636000A7032E /* HWUpdate.app */;
			productType = "com.apple.product-type.application";
		};
		C3BF7F832883636100A7032E /* HWUpdateTests */ = {
			isa = PBXNativeTarget;
			buildConfigurationList = C3BF7F9B2883636100A7032E /* Build configuration list for PBXNativeTarget "HWUpdateTests" */;
			buildPhases = (
				C3BF7F802883636100A7032E /* Sources */,
				C3BF7F812883636100A7032E /* Frameworks */,
				C3BF7F822883636100A7032E /* Resources */,
			);
			buildRules = (
			);
			dependencies = (
				C3BF7F862883636100A7032E /* PBXTargetDependency */,
			);
			name = HWUpdateTests;
			productName = HWUpdateTests;
			productReference = C3BF7F842883636100A7032E /* HWUpdateTests.xctest */;
			productType = "com.apple.product-type.bundle.unit-test";
		};
		C3BF7F8D2883636100A7032E /* HWUpdateUITests */ = {
			isa = PBXNativeTarget;
			buildConfigurationList = C3BF7F9E2883636100A7032E /* Build configuration list for PBXNativeTarget "HWUpdateUITests" */;
			buildPhases = (
				C3BF7F8A2883636100A7032E /* Sources */,
				C3BF7F8B2883636100A7032E /* Frameworks */,
				C3BF7F8C2883636100A7032E /* Resources */,
			);
			buildRules = (
			);
			dependencies = (
				C3BF7F902883636100A7032E /* PBXTargetDependency */,
			);
			name = HWUpdateUITests;
			productName = HWUpdateUITests;
			productReference = C3BF7F8E2883636100A7032E /* HWUpdateUITests.xctest */;
			productType = "com.apple.product-type.bundle.ui-testing";
		};
/* End PBXNativeTarget section */

/* Begin PBXProject section */
		C3BF7F662883636000A7032E /* Project object */ = {
			isa = PBXProject;
			attributes = {
				BuildIndependentTargetsInParallel = 1;
				LastSwiftUpdateCheck = 1330;
				LastUpgradeCheck = 1330;
				TargetAttributes = {
					C3BF7F6D2883636000A7032E = {
						CreatedOnToolsVersion = 13.3.1;
					};
					C3BF7F832883636100A7032E = {
						CreatedOnToolsVersion = 13.3.1;
						TestTargetID = C3BF7F6D2883636000A7032E;
					};
					C3BF7F8D2883636100A7032E = {
						CreatedOnToolsVersion = 13.3.1;
						TestTargetID = C3BF7F6D2883636000A7032E;
					};
				};
			};
			buildConfigurationList = C3BF7F692883636000A7032E /* Build configuration list for PBXProject "HWUpdate" */;
			compatibilityVersion = "Xcode 13.0";
			developmentRegion = en;
			hasScannedForEncodings = 0;
			knownRegions = (
				en,
				Base,
			);
			mainGroup = C3BF7F652883636000A7032E;
			productRefGroup = C3BF7F6F2883636000A7032E /* Products */;
			projectDirPath = "";
			projectRoot = "";
			targets = (
				C3BF7F6D2883636000A7032E /* HWUpdate */,
				C3BF7F832883636100A7032E /* HWUpdateTests */,
				C3BF7F8D2883636100A7032E /* HWUpdateUITests */,
			);
		};
/* End PBXProject section */

/* Begin PBXResourcesBuildPhase section */
		C3BF7F6C2883636000A7032E /* Resources */ = {
			isa = PBXResourcesBuildPhase;
			buildActionMask = 2147483647;
			files = (
				C3BF7F7E2883636100A7032E /* LaunchScreen.storyboard in Resources */,
				C3BF7F7B2883636100A7032E /* Assets.xcassets in Resources */,
				C3BF7F792883636000A7032E /* Main.storyboard in Resources */,
			);
			runOnlyForDeploymentPostprocessing = 0;
		};
		C3BF7F822883636100A7032E /* Resources */ = {
			isa = PBXResourcesBuildPhase;
			buildActionMask = 2147483647;
			files = (
			);
			runOnlyForDeploymentPostprocessing = 0;
		};
		C3BF7F8C2883636100A7032E /* Resources */ = {
			isa = PBXResourcesBuildPhase;
			buildActionMask = 2147483647;
			files = (
			);
			runOnlyForDeploymentPostprocessing = 0;
		};
/* End PBXResourcesBuildPhase section */

/* Begin PBXSourcesBuildPhase section */
		C3BF7F6A2883636000A7032E /* Sources */ = {
			isa = PBXSourcesBuildPhase;
			buildActionMask = 2147483647;
			files = (
				C3BF7FA628836D6800A7032E /* ChangeColorVC.swift in Sources */,
				C3BF7F762883636000A7032E /* ViewController.swift in Sources */,
				C3BF7F722883636000A7032E /* AppDelegate.swift in Sources */,
				C3BF7F742883636000A7032E /* SceneDelegate.swift in Sources */,
			);
			runOnlyForDeploymentPostprocessing = 0;
		};
		C3BF7F802883636100A7032E /* Sources */ = {
			isa = PBXSourcesBuildPhase;
			buildActionMask = 2147483647;
			files = (
			);
			runOnlyForDeploymentPostprocessing = 0;
		};
		C3BF7F8A2883636100A7032E /* Sources */ = {
			isa = PBXSourcesBuildPhase;
			buildActionMask = 2147483647;
			files = (
			);
			runOnlyForDeploymentPostprocessing = 0;
		};
/* End PBXSourcesBuildPhase section */

/* Begin PBXTargetDependency section */
		C3BF7F862883636100A7032E /* PBXTargetDependency */ = {
			isa = PBXTargetDependency;
			target = C3BF7F6D2883636000A7032E /* HWUpdate */;
			targetProxy = C3BF7F852883636100A7032E /* PBXContainerItemProxy */;
		};
		C3BF7F902883636100A7032E /* PBXTargetDependency */ = {
			isa = PBXTargetDependency;
			target = C3BF7F6D2883636000A7032E /* HWUpdate */;
			targetProxy = C3BF7F8F2883636100A7032E /* PBXContainerItemProxy */;
		};
/* End PBXTargetDependency section */

/* Begin PBXVariantGroup section */
		C3BF7F772883636000A7032E /* Main.storyboard */ = {
			isa = PBXVariantGroup;
			children = (
				C3BF7F782883636000A7032E /* Base */,
			);
			name = Main.storyboard;
			sourceTree = "<group>";
		};
		C3BF7F7C2883636100A7032E /* LaunchScreen.storyboard */ = {
			isa = PBXVariantGroup;
			children = (
				C3BF7F7D2883636100A7032E /* Base */,
			);
			name = LaunchScreen.storyboard;
			sourceTree = "<group>";
		};
/* End PBXVariantGroup section */

/* Begin XCBuildConfiguration section */
		C3BF7F962883636100A7032E /* Debug */ = {
			isa = XCBuildConfiguration;
			buildSettings = {
				ALWAYS_SEARCH_USER_PATHS = NO;
				CLANG_ANALYZER_NONNULL = YES;
				CLANG_ANALYZER_NUMBER_OBJECT_CONVERSION = YES_AGGRESSIVE;
				CLANG_CXX_LANGUAGE_STANDARD = "gnu++17";
				CLANG_ENABLE_MODULES = YES;
				CLANG_ENABLE_OBJC_ARC = YES;
				CLANG_ENABLE_OBJC_WEAK = YES;
				CLANG_WARN_BLOCK_CAPTURE_AUTORELEASING = YES;
				CLANG_WARN_BOOL_CONVERSION = YES;
				CLANG_WARN_COMMA = YES;
				CLANG_WARN_CONSTANT_CONVERSION = YES;
				CLANG_WARN_DEPRECATED_OBJC_IMPLEMENTATIONS = YES;
				CLANG_WARN_DIRECT_OBJC_ISA_USAGE = YES_ERROR;
				CLANG_WARN_DOCUMENTATION_COMMENTS = YES;
				CLANG_WARN_EMPTY_BODY = YES;
				CLANG_WARN_ENUM_CONVERSION = YES;
				CLANG_WARN_INFINITE_RECURSION = YES;
				CLANG_WARN_INT_CONVERSION = YES;
				CLANG_WARN_NON_LITERAL_NULL_CONVERSION = YES;
				CLANG_WARN_OBJC_IMPLICIT_RETAIN_SELF = YES;
				CLANG_WARN_OBJC_LITERAL_CONVERSION = YES;
				CLANG_WARN_OBJC_ROOT_CLASS = YES_ERROR;
				CLANG_WARN_QUOTED_INCLUDE_IN_FRAMEWORK_HEADER = YES;
				CLANG_WARN_RANGE_LOOP_ANALYSIS = YES;
				CLANG_WARN_STRICT_PROTOTYPES = YES;
				CLANG_WARN_SUSPICIOUS_MOVE = YES;
				CLANG_WARN_UNGUARDED_AVAILABILITY = YES_AGGRESSIVE;
				CLANG_WARN_UNREACHABLE_CODE = YES;
				CLANG_WARN__DUPLICATE_METHOD_MATCH = YES;
				COPY_PHASE_STRIP = NO;
				DEBUG_INFORMATION_FORMAT = dwarf;
				ENABLE_STRICT_OBJC_MSGSEND = YES;
				ENABLE_TESTABILITY = YES;
				GCC_C_LANGUAGE_STANDARD = gnu11;
				GCC_DYNAMIC_NO_PIC = NO;
				GCC_NO_COMMON_BLOCKS = YES;
				GCC_OPTIMIZATION_LEVEL = 0;
				GCC_PREPROCESSOR_DEFINITIONS = (
					"DEBUG=1",
					"$(inherited)",
				);
				GCC_WARN_64_TO_32_BIT_CONVERSION = YES;
				GCC_WARN_ABOUT_RETURN_TYPE = YES_ERROR;
				GCC_WARN_UNDECLARED_SELECTOR = YES;
				GCC_WARN_UNINITIALIZED_AUTOS = YES_AGGRESSIVE;
				GCC_WARN_UNUSED_FUNCTION = YES;
				GCC_WARN_UNUSED_VARIABLE = YES;
				IPHONEOS_DEPLOYMENT_TARGET = 15.4;
				MTL_ENABLE_DEBUG_INFO = INCLUDE_SOURCE;
				MTL_FAST_MATH = YES;
				ONLY_ACTIVE_ARCH = YES;
				SDKROOT = iphoneos;
				SWIFT_ACTIVE_COMPILATION_CONDITIONS = DEBUG;
				SWIFT_OPTIMIZATION_LEVEL = "-Onone";
			};
			name = Debug;
		};
		C3BF7F972883636100A7032E /* Release */ = {
			isa = XCBuildConfiguration;
			buildSettings = {
				ALWAYS_SEARCH_USER_PATHS = NO;
				CLANG_ANALYZER_NONNULL = YES;
				CLANG_ANALYZER_NUMBER_OBJECT_CONVERSION = YES_AGGRESSIVE;
				CLANG_CXX_LANGUAGE_STANDARD = "gnu++17";
				CLANG_ENABLE_MODULES = YES;
				CLANG_ENABLE_OBJC_ARC = YES;
				CLANG_ENABLE_OBJC_WEAK = YES;
				CLANG_WARN_BLOCK_CAPTURE_AUTORELEASING = YES;
				CLANG_WARN_BOOL_CONVERSION = YES;
				CLANG_WARN_COMMA = YES;
				CLANG_WARN_CONSTANT_CONVERSION = YES;
				CLANG_WARN_DEPRECATED_OBJC_IMPLEMENTATIONS = YES;
				CLANG_WARN_DIRECT_OBJC_ISA_USAGE = YES_ERROR;
				CLANG_WARN_DOCUMENTATION_COMMENTS = YES;
				CLANG_WARN_EMPTY_BODY = YES;
				CLANG_WARN_ENUM_CONVERSION = YES;
				CLANG_WARN_INFINITE_RECURSION = YES;
				CLANG_WARN_INT_CONVERSION = YES;
				CLANG_WARN_NON_LITERAL_NULL_CONVERSION = YES;
				CLANG_WARN_OBJC_IMPLICIT_RETAIN_SELF = YES;
				CLANG_WARN_OBJC_LITERAL_CONVERSION = YES;
				CLANG_WARN_OBJC_ROOT_CLASS = YES_ERROR;
				CLANG_WARN_QUOTED_INCLUDE_IN_FRAMEWORK_HEADER = YES;
				CLANG_WARN_RANGE_LOOP_ANALYSIS = YES;
				CLANG_WARN_STRICT_PROTOTYPES = YES;
				CLANG_WARN_SUSPICIOUS_MOVE = YES;
				CLANG_WARN_UNGUARDED_AVAILABILITY = YES_AGGRESSIVE;
				CLANG_WARN_UNREACHABLE_CODE = YES;
				CLANG_WARN__DUPLICATE_METHOD_MATCH = YES;
				COPY_PHASE_STRIP = NO;
				DEBUG_INFORMATION_FORMAT = "dwarf-with-dsym";
				ENABLE_NS_ASSERTIONS = NO;
				ENABLE_STRICT_OBJC_MSGSEND = YES;
				GCC_C_LANGUAGE_STANDARD = gnu11;
				GCC_NO_COMMON_BLOCKS = YES;
				GCC_WARN_64_TO_32_BIT_CONVERSION = YES;
				GCC_WARN_ABOUT_RETURN_TYPE = YES_ERROR;
				GCC_WARN_UNDECLARED_SELECTOR = YES;
				GCC_WARN_UNINITIALIZED_AUTOS = YES_AGGRESSIVE;
				GCC_WARN_UNUSED_FUNCTION = YES;
				GCC_WARN_UNUSED_VARIABLE = YES;
				IPHONEOS_DEPLOYMENT_TARGET = 15.4;
				MTL_ENABLE_DEBUG_INFO = NO;
				MTL_FAST_MATH = YES;
				SDKROOT = iphoneos;
				SWIFT_COMPILATION_MODE = wholemodule;
				SWIFT_OPTIMIZATION_LEVEL = "-O";
				VALIDATE_PRODUCT = YES;
			};
			name = Release;
		};
		C3BF7F992883636100A7032E /* Debug */ = {
			isa = XCBuildConfiguration;
			buildSettings = {
				ASSETCATALOG_COMPILER_APPICON_NAME = AppIcon;
				ASSETCATALOG_COMPILER_GLOBAL_ACCENT_COLOR_NAME = AccentColor;
				CODE_SIGN_STYLE = Automatic;
				CURRENT_PROJECT_VERSION = 1;
				DEVELOPMENT_TEAM = U2226ARBD7;
				GENERATE_INFOPLIST_FILE = YES;
				INFOPLIST_FILE = HWUpdate/Support/Info.plist;
				INFOPLIST_KEY_UIApplicationSupportsIndirectInputEvents = YES;
				INFOPLIST_KEY_UILaunchStoryboardName = LaunchScreen;
				INFOPLIST_KEY_UIMainStoryboardFile = Main;
				INFOPLIST_KEY_UISupportedInterfaceOrientations_iPad = "UIInterfaceOrientationPortrait UIInterfaceOrientationPortraitUpsideDown UIInterfaceOrientationLandscapeLeft UIInterfaceOrientationLandscapeRight";
				INFOPLIST_KEY_UISupportedInterfaceOrientations_iPhone = "UIInterfaceOrientationPortrait UIInterfaceOrientationLandscapeLeft UIInterfaceOrientationLandscapeRight";
				LD_RUNPATH_SEARCH_PATHS = (
					"$(inherited)",
					"@executable_path/Frameworks",
				);
				MARKETING_VERSION = 1.0;
				PRODUCT_BUNDLE_IDENTIFIER = HomeWorkApp.HWUpdate;
				PRODUCT_NAME = "$(TARGET_NAME)";
				SWIFT_EMIT_LOC_STRINGS = YES;
				SWIFT_VERSION = 5.0;
				TARGETED_DEVICE_FAMILY = "1,2";
			};
			name = Debug;
		};
		C3BF7F9A2883636100A7032E /* Release */ = {
			isa = XCBuildConfiguration;
			buildSettings = {
				ASSETCATALOG_COMPILER_APPICON_NAME = AppIcon;
				ASSETCATALOG_COMPILER_GLOBAL_ACCENT_COLOR_NAME = AccentColor;
				CODE_SIGN_STYLE = Automatic;
				CURRENT_PROJECT_VERSION = 1;
				DEVELOPMENT_TEAM = U2226ARBD7;
				GENERATE_INFOPLIST_FILE = YES;
				INFOPLIST_FILE = HWUpdate/Support/Info.plist;
				INFOPLIST_KEY_UIApplicationSupportsIndirectInputEvents = YES;
				INFOPLIST_KEY_UILaunchStoryboardName = LaunchScreen;
				INFOPLIST_KEY_UIMainStoryboardFile = Main;
				INFOPLIST_KEY_UISupportedInterfaceOrientations_iPad = "UIInterfaceOrientationPortrait UIInterfaceOrientationPortraitUpsideDown UIInterfaceOrientationLandscapeLeft UIInterfaceOrientationLandscapeRight";
				INFOPLIST_KEY_UISupportedInterfaceOrientations_iPhone = "UIInterfaceOrientationPortrait UIInterfaceOrientationLandscapeLeft UIInterfaceOrientationLandscapeRight";
				LD_RUNPATH_SEARCH_PATHS = (
					"$(inherited)",
					"@executable_path/Frameworks",
				);
				MARKETING_VERSION = 1.0;
				PRODUCT_BUNDLE_IDENTIFIER = HomeWorkApp.HWUpdate;
				PRODUCT_NAME = "$(TARGET_NAME)";
				SWIFT_EMIT_LOC_STRINGS = YES;
				SWIFT_VERSION = 5.0;
				TARGETED_DEVICE_FAMILY = "1,2";
			};
			name = Release;
		};
		C3BF7F9C2883636100A7032E /* Debug */ = {
			isa = XCBuildConfiguration;
			buildSettings = {
				ALWAYS_EMBED_SWIFT_STANDARD_LIBRARIES = YES;
				BUNDLE_LOADER = "$(TEST_HOST)";
				CODE_SIGN_STYLE = Automatic;
				CURRENT_PROJECT_VERSION = 1;
				DEVELOPMENT_TEAM = U2226ARBD7;
				GENERATE_INFOPLIST_FILE = YES;
				IPHONEOS_DEPLOYMENT_TARGET = 15.4;
				MARKETING_VERSION = 1.0;
				PRODUCT_BUNDLE_IDENTIFIER = HomeWorkApp.HWUpdateTests;
				PRODUCT_NAME = "$(TARGET_NAME)";
				SWIFT_EMIT_LOC_STRINGS = NO;
				SWIFT_VERSION = 5.0;
				TARGETED_DEVICE_FAMILY = "1,2";
				TEST_HOST = "$(BUILT_PRODUCTS_DIR)/HWUpdate.app/HWUpdate";
			};
			name = Debug;
		};
		C3BF7F9D2883636100A7032E /* Release */ = {
			isa = XCBuildConfiguration;
			buildSettings = {
				ALWAYS_EMBED_SWIFT_STANDARD_LIBRARIES = YES;
				BUNDLE_LOADER = "$(TEST_HOST)";
				CODE_SIGN_STYLE = Automatic;
				CURRENT_PROJECT_VERSION = 1;
				DEVELOPMENT_TEAM = U2226ARBD7;
				GENERATE_INFOPLIST_FILE = YES;
				IPHONEOS_DEPLOYMENT_TARGET = 15.4;
				MARKETING_VERSION = 1.0;
				PRODUCT_BUNDLE_IDENTIFIER = HomeWorkApp.HWUpdateTests;
				PRODUCT_NAME = "$(TARGET_NAME)";
				SWIFT_EMIT_LOC_STRINGS = NO;
				SWIFT_VERSION = 5.0;
				TARGETED_DEVICE_FAMILY = "1,2";
				TEST_HOST = "$(BUILT_PRODUCTS_DIR)/HWUpdate.app/HWUpdate";
			};
			name = Release;
		};
		C3BF7F9F2883636100A7032E /* Debug */ = {
			isa = XCBuildConfiguration;
			buildSettings = {
				ALWAYS_EMBED_SWIFT_STANDARD_LIBRARIES = YES;
				CODE_SIGN_STYLE = Automatic;
				CURRENT_PROJECT_VERSION = 1;
				DEVELOPMENT_TEAM = U2226ARBD7;
				GENERATE_INFOPLIST_FILE = YES;
				MARKETING_VERSION = 1.0;
				PRODUCT_BUNDLE_IDENTIFIER = HomeWorkApp.HWUpdateUITests;
				PRODUCT_NAME = "$(TARGET_NAME)";
				SWIFT_EMIT_LOC_STRINGS = NO;
				SWIFT_VERSION = 5.0;
				TARGETED_DEVICE_FAMILY = "1,2";
				TEST_TARGET_NAME = HWUpdate;
			};
			name = Debug;
		};
		C3BF7FA02883636100A7032E /* Release */ = {
			isa = XCBuildConfiguration;
			buildSettings = {
				ALWAYS_EMBED_SWIFT_STANDARD_LIBRARIES = YES;
				CODE_SIGN_STYLE = Automatic;
				CURRENT_PROJECT_VERSION = 1;
				DEVELOPMENT_TEAM = U2226ARBD7;
				GENERATE_INFOPLIST_FILE = YES;
				MARKETING_VERSION = 1.0;
				PRODUCT_BUNDLE_IDENTIFIER = HomeWorkApp.HWUpdateUITests;
				PRODUCT_NAME = "$(TARGET_NAME)";
				SWIFT_EMIT_LOC_STRINGS = NO;
				SWIFT_VERSION = 5.0;
				TARGETED_DEVICE_FAMILY = "1,2";
				TEST_TARGET_NAME = HWUpdate;
			};
			name = Release;
		};
/* End XCBuildConfiguration section */

/* Begin XCConfigurationList section */
		C3BF7F692883636000A7032E /* Build configuration list for PBXProject "HWUpdate" */ = {
			isa = XCConfigurationList;
			buildConfigurations = (
				C3BF7F962883636100A7032E /* Debug */,
				C3BF7F972883636100A7032E /* Release */,
			);
			defaultConfigurationIsVisible = 0;
			defaultConfigurationName = Release;
		};
		C3BF7F982883636100A7032E /* Build configuration list for PBXNativeTarget "HWUpdate" */ = {
			isa = XCConfigurationList;
			buildConfigurations = (
				C3BF7F992883636100A7032E /* Debug */,
				C3BF7F9A2883636100A7032E /* Release */,
			);
			defaultConfigurationIsVisible = 0;
			defaultConfigurationName = Release;
		};
		C3BF7F9B2883636100A7032E /* Build configuration list for PBXNativeTarget "HWUpdateTests" */ = {
			isa = XCConfigurationList;
			buildConfigurations = (
				C3BF7F9C2883636100A7032E /* Debug */,
				C3BF7F9D2883636100A7032E /* Release */,
			);
			defaultConfigurationIsVisible = 0;
			defaultConfigurationName = Release;
		};
		C3BF7F9E2883636100A7032E /* Build configuration list for PBXNativeTarget "HWUpdateUITests" */ = {
			isa = XCConfigurationList;
			buildConfigurations = (
				C3BF7F9F2883636100A7032E /* Debug */,
				C3BF7FA02883636100A7032E /* Release */,
			);
			defaultConfigurationIsVisible = 0;
			defaultConfigurationName = Release;
		};
/* End XCConfigurationList section */
	};
	rootObject = C3BF7F662883636000A7032E /* Project object */;
}
